
Microsoft Visual Studio Solution File, Format Version 12.00
# Visual Studio Version 17
VisualStudioVersion = 17.5.002.0
MinimumVisualStudioVersion = 10.0.40219.1
Project("{9A19103F-16F7-4668-BE54-9A1E7A4F7556}") = "csharp #2", "csharp #2.csproj", "{516837F5-F70B-4EB8-92F2-7B4434EC13AB}"
EndProject
Global
	GlobalSection(SolutionConfigurationPlatforms) = preSolution
		Debug|Any CPU = Debug|Any CPU
		Release|Any CPU = Release|Any CPU
	EndGlobalSection
	GlobalSection(ProjectConfigurationPlatforms) = postSolution
		{516837F5-F70B-4EB8-92F2-7B4434EC13AB}.Debug|Any CPU.ActiveCfg = Debug|Any CPU
		{516837F5-F70B-4EB8-92F2-7B4434EC13AB}.Debug|Any CPU.Build.0 = Debug|Any CPU
		{516837F5-F70B-4EB8-92F2-7B4434EC13AB}.Release|Any CPU.ActiveCfg = Release|Any CPU
		{516837F5-F70B-4EB8-92F2-7B4434EC13AB}.Release|Any CPU.Build.0 = Release|Any CPU
	EndGlobalSection
	GlobalSection(SolutionProperties) = preSolution
		HideSolutionNode = FALSE
	EndGlobalSection
	GlobalSection(ExtensibilityGlobals) = postSolution
		SolutionGuid = {4B40F33D-2981-42DF-BB48-884F8E199F85}
	EndGlobalSection
EndGlobal
