
Microsoft Visual Studio Solution File, Format Version 12.00
# Visual Studio Version 17
VisualStudioVersion = 17.5.002.0
MinimumVisualStudioVersion = 10.0.40219.1
Project("{9A19103F-16F7-4668-BE54-9A1E7A4F7556}") = "csharp #1", "csharp #1.csproj", "{53BF85D9-C77B-4028-8912-DAF0D124F8FF}"
EndProject
Global
	GlobalSection(SolutionConfigurationPlatforms) = preSolution
		Debug|Any CPU = Debug|Any CPU
		Release|Any CPU = Release|Any CPU
	EndGlobalSection
	GlobalSection(ProjectConfigurationPlatforms) = postSolution
		{53BF85D9-C77B-4028-8912-DAF0D124F8FF}.Debug|Any CPU.ActiveCfg = Debug|Any CPU
		{53BF85D9-C77B-4028-8912-DAF0D124F8FF}.Debug|Any CPU.Build.0 = Debug|Any CPU
		{53BF85D9-C77B-4028-8912-DAF0D124F8FF}.Release|Any CPU.ActiveCfg = Release|Any CPU
		{53BF85D9-C77B-4028-8912-DAF0D124F8FF}.Release|Any CPU.Build.0 = Release|Any CPU
	EndGlobalSection
	GlobalSection(SolutionProperties) = preSolution
		HideSolutionNode = FALSE
	EndGlobalSection
	GlobalSection(ExtensibilityGlobals) = postSolution
		SolutionGuid = {B088E581-6BF0-445C-B3FB-676240D80B3E}
	EndGlobalSection
EndGlobal
